// !$*UTF8*$!
{
	archiveVersion = 1;
	classes = {
	};
	objectVersion = 55;
	objects = {

/* Begin PBXBuildFile section */
		C57CE42F2865CFFB000A2773 /* PokeCollectionViewCell.swift in Sources */ = {isa = PBXBuildFile; fileRef = C57CE42E2865CFFB000A2773 /* PokeCollectionViewCell.swift */; };
		C57CE4602865D860000A2773 /* Dream_world.swift in Sources */ = {isa = PBXBuildFile; fileRef = C57CE4312865D858000A2773 /* Dream_world.swift */; };
		C57CE4612865D860000A2773 /* Black-white.swift in Sources */ = {isa = PBXBuildFile; fileRef = C57CE4322865D858000A2773 /* Black-white.swift */; };
		C57CE4622865D860000A2773 /* Abilities.swift in Sources */ = {isa = PBXBuildFile; fileRef = C57CE4332865D858000A2773 /* Abilities.swift */; };
		C57CE4632865D860000A2773 /* Firered-leafgreen.swift in Sources */ = {isa = PBXBuildFile; fileRef = C57CE4342865D858000A2773 /* Firered-leafgreen.swift */; };
		C57CE4642865D860000A2773 /* Heartgold-soulsilver.swift in Sources */ = {isa = PBXBuildFile; fileRef = C57CE4352865D858000A2773 /* Heartgold-soulsilver.swift */; };
		C57CE4652865D860000A2773 /* Generation-vi.swift in Sources */ = {isa = PBXBuildFile; fileRef = C57CE4362865D859000A2773 /* Generation-vi.swift */; };
		C57CE4662865D860000A2773 /* Ability.swift in Sources */ = {isa = PBXBuildFile; fileRef = C57CE4372865D859000A2773 /* Ability.swift */; };
		C57CE4672865D860000A2773 /* Game_indices.swift in Sources */ = {isa = PBXBuildFile; fileRef = C57CE4382865D859000A2773 /* Game_indices.swift */; };
		C57CE4682865D860000A2773 /* Version_group.swift in Sources */ = {isa = PBXBuildFile; fileRef = C57CE4392865D859000A2773 /* Version_group.swift */; };
		C57CE4692865D860000A2773 /* Generation-ii.swift in Sources */ = {isa = PBXBuildFile; fileRef = C57CE43A2865D859000A2773 /* Generation-ii.swift */; };
		C57CE46A2865D860000A2773 /* Icons.swift in Sources */ = {isa = PBXBuildFile; fileRef = C57CE43B2865D859000A2773 /* Icons.swift */; };
		C57CE46B2865D860000A2773 /* Type.swift in Sources */ = {isa = PBXBuildFile; fileRef = C57CE43C2865D85A000A2773 /* Type.swift */; };
		C57CE46C2865D860000A2773 /* Silver.swift in Sources */ = {isa = PBXBuildFile; fileRef = C57CE43D2865D85A000A2773 /* Silver.swift */; };
		C57CE46D2865D860000A2773 /* Generation-iii.swift in Sources */ = {isa = PBXBuildFile; fileRef = C57CE43E2865D85A000A2773 /* Generation-iii.swift */; };
		C57CE46E2865D860000A2773 /* Ultra-sun-ultra-moon.swift in Sources */ = {isa = PBXBuildFile; fileRef = C57CE43F2865D85A000A2773 /* Ultra-sun-ultra-moon.swift */; };
		C57CE46F2865D860000A2773 /* Diamond-pearl.swift in Sources */ = {isa = PBXBuildFile; fileRef = C57CE4402865D85A000A2773 /* Diamond-pearl.swift */; };
		C57CE4702865D860000A2773 /* Types.swift in Sources */ = {isa = PBXBuildFile; fileRef = C57CE4412865D85B000A2773 /* Types.swift */; };
		C57CE4712865D860000A2773 /* PokemonDetailsModel.swift in Sources */ = {isa = PBXBuildFile; fileRef = C57CE4422865D85B000A2773 /* PokemonDetailsModel.swift */; };
		C57CE4722865D860000A2773 /* Platinum.swift in Sources */ = {isa = PBXBuildFile; fileRef = C57CE4432865D85B000A2773 /* Platinum.swift */; };
		C57CE4732865D860000A2773 /* Stats.swift in Sources */ = {isa = PBXBuildFile; fileRef = C57CE4442865D85B000A2773 /* Stats.swift */; };
		C57CE4742865D860000A2773 /* Home.swift in Sources */ = {isa = PBXBuildFile; fileRef = C57CE4452865D85B000A2773 /* Home.swift */; };
		C57CE4752865D860000A2773 /* Gold.swift in Sources */ = {isa = PBXBuildFile; fileRef = C57CE4462865D85B000A2773 /* Gold.swift */; };
		C57CE4762865D860000A2773 /* Generation-i.swift in Sources */ = {isa = PBXBuildFile; fileRef = C57CE4472865D85C000A2773 /* Generation-i.swift */; };
		C57CE4772865D860000A2773 /* Move.swift in Sources */ = {isa = PBXBuildFile; fileRef = C57CE4482865D85C000A2773 /* Move.swift */; };
		C57CE4782865D860000A2773 /* Official-artwork.swift in Sources */ = {isa = PBXBuildFile; fileRef = C57CE4492865D85C000A2773 /* Official-artwork.swift */; };
		C57CE4792865D860000A2773 /* Versions.swift in Sources */ = {isa = PBXBuildFile; fileRef = C57CE44A2865D85C000A2773 /* Versions.swift */; };
		C57CE47A2865D860000A2773 /* Other.swift in Sources */ = {isa = PBXBuildFile; fileRef = C57CE44B2865D85C000A2773 /* Other.swift */; };
		C57CE47B2865D860000A2773 /* Species.swift in Sources */ = {isa = PBXBuildFile; fileRef = C57CE44C2865D85D000A2773 /* Species.swift */; };
		C57CE47C2865D860000A2773 /* Move_learn_method.swift in Sources */ = {isa = PBXBuildFile; fileRef = C57CE44D2865D85D000A2773 /* Move_learn_method.swift */; };
		C57CE47D2865D860000A2773 /* X-y.swift in Sources */ = {isa = PBXBuildFile; fileRef = C57CE44E2865D85D000A2773 /* X-y.swift */; };
		C57CE47E2865D860000A2773 /* Omegaruby-alphasapphire.swift in Sources */ = {isa = PBXBuildFile; fileRef = C57CE44F2865D85D000A2773 /* Omegaruby-alphasapphire.swift */; };
		C57CE47F2865D860000A2773 /* Forms.swift in Sources */ = {isa = PBXBuildFile; fileRef = C57CE4502865D85D000A2773 /* Forms.swift */; };
		C57CE4802865D860000A2773 /* Generation-iv.swift in Sources */ = {isa = PBXBuildFile; fileRef = C57CE4512865D85D000A2773 /* Generation-iv.swift */; };
		C57CE4812865D860000A2773 /* Yellow.swift in Sources */ = {isa = PBXBuildFile; fileRef = C57CE4522865D85E000A2773 /* Yellow.swift */; };
		C57CE4822865D860000A2773 /* Generation-viii.swift in Sources */ = {isa = PBXBuildFile; fileRef = C57CE4532865D85E000A2773 /* Generation-viii.swift */; };
		C57CE4832865D860000A2773 /* Generation-v.swift in Sources */ = {isa = PBXBuildFile; fileRef = C57CE4542865D85E000A2773 /* Generation-v.swift */; };
		C57CE4842865D860000A2773 /* Crystal.swift in Sources */ = {isa = PBXBuildFile; fileRef = C57CE4552865D85E000A2773 /* Crystal.swift */; };
		C57CE4852865D860000A2773 /* Emerald.swift in Sources */ = {isa = PBXBuildFile; fileRef = C57CE4562865D85E000A2773 /* Emerald.swift */; };
		C57CE4862865D860000A2773 /* Moves.swift in Sources */ = {isa = PBXBuildFile; fileRef = C57CE4572865D85E000A2773 /* Moves.swift */; };
		C57CE4872865D860000A2773 /* Sprites.swift in Sources */ = {isa = PBXBuildFile; fileRef = C57CE4582865D85F000A2773 /* Sprites.swift */; };
		C57CE4882865D860000A2773 /* Version.swift in Sources */ = {isa = PBXBuildFile; fileRef = C57CE4592865D85F000A2773 /* Version.swift */; };
		C57CE4892865D860000A2773 /* Stat.swift in Sources */ = {isa = PBXBuildFile; fileRef = C57CE45A2865D85F000A2773 /* Stat.swift */; };
		C57CE48A2865D860000A2773 /* Generation-vii.swift in Sources */ = {isa = PBXBuildFile; fileRef = C57CE45B2865D85F000A2773 /* Generation-vii.swift */; };
		C57CE48B2865D860000A2773 /* Red-blue.swift in Sources */ = {isa = PBXBuildFile; fileRef = C57CE45C2865D85F000A2773 /* Red-blue.swift */; };
		C57CE48C2865D860000A2773 /* Animated.swift in Sources */ = {isa = PBXBuildFile; fileRef = C57CE45D2865D860000A2773 /* Animated.swift */; };
		C57CE48D2865D860000A2773 /* Ruby-sapphire.swift in Sources */ = {isa = PBXBuildFile; fileRef = C57CE45E2865D860000A2773 /* Ruby-sapphire.swift */; };
		C57CE48E2865D860000A2773 /* Version_group_details.swift in Sources */ = {isa = PBXBuildFile; fileRef = C57CE45F2865D860000A2773 /* Version_group_details.swift */; };
		C57CE4902865DFFD000A2773 /* UIStoryboard+Cntr+Ext.swift in Sources */ = {isa = PBXBuildFile; fileRef = C57CE48F2865DFFD000A2773 /* UIStoryboard+Cntr+Ext.swift */; };
		C57CE4922865E086000A2773 /* DetailViewModel.swift in Sources */ = {isa = PBXBuildFile; fileRef = C57CE4912865E086000A2773 /* DetailViewModel.swift */; };
		C57CE49428660E7B000A2773 /* AbilitiesTableViewCell.swift in Sources */ = {isa = PBXBuildFile; fileRef = C57CE49328660E7B000A2773 /* AbilitiesTableViewCell.swift */; };
		C5A4C1472864DB7200F6CDAF /* AppDelegate.swift in Sources */ = {isa = PBXBuildFile; fileRef = C5A4C1462864DB7200F6CDAF /* AppDelegate.swift */; };
		C5A4C1492864DB7200F6CDAF /* SceneDelegate.swift in Sources */ = {isa = PBXBuildFile; fileRef = C5A4C1482864DB7200F6CDAF /* SceneDelegate.swift */; };
		C5A4C14B2864DB7200F6CDAF /* HomeViewController.swift in Sources */ = {isa = PBXBuildFile; fileRef = C5A4C14A2864DB7200F6CDAF /* HomeViewController.swift */; };
		C5A4C14E2864DB7200F6CDAF /* Main.storyboard in Resources */ = {isa = PBXBuildFile; fileRef = C5A4C14C2864DB7200F6CDAF /* Main.storyboard */; };
		C5A4C1502864DB7600F6CDAF /* Assets.xcassets in Resources */ = {isa = PBXBuildFile; fileRef = C5A4C14F2864DB7600F6CDAF /* Assets.xcassets */; };
		C5A4C1532864DB7600F6CDAF /* LaunchScreen.storyboard in Resources */ = {isa = PBXBuildFile; fileRef = C5A4C1512864DB7600F6CDAF /* LaunchScreen.storyboard */; };
		C5A4C15E2864DB7600F6CDAF /* PokedexTests.swift in Sources */ = {isa = PBXBuildFile; fileRef = C5A4C15D2864DB7600F6CDAF /* PokedexTests.swift */; };
		C5A4C1682864DB7700F6CDAF /* PokedexUITests.swift in Sources */ = {isa = PBXBuildFile; fileRef = C5A4C1672864DB7700F6CDAF /* PokedexUITests.swift */; };
		C5A4C16A2864DB7700F6CDAF /* PokedexUITestsLaunchTests.swift in Sources */ = {isa = PBXBuildFile; fileRef = C5A4C1692864DB7700F6CDAF /* PokedexUITestsLaunchTests.swift */; };
		C5A4C17B2864DC7400F6CDAF /* Constants.swift in Sources */ = {isa = PBXBuildFile; fileRef = C5A4C17A2864DC7400F6CDAF /* Constants.swift */; };
		C5A4C17D2864DFF500F6CDAF /* TypeAliases.swift in Sources */ = {isa = PBXBuildFile; fileRef = C5A4C17C2864DFF500F6CDAF /* TypeAliases.swift */; };
		C5A4C17F2864E16F00F6CDAF /* APILibrary.swift in Sources */ = {isa = PBXBuildFile; fileRef = C5A4C17E2864E16F00F6CDAF /* APILibrary.swift */; };
		C5A4C1822864E3B500F6CDAF /* URL+Ext.swift in Sources */ = {isa = PBXBuildFile; fileRef = C5A4C1812864E3B500F6CDAF /* URL+Ext.swift */; };
		C5A4C1852864EA2200F6CDAF /* Alamofire in Frameworks */ = {isa = PBXBuildFile; productRef = C5A4C1842864EA2200F6CDAF /* Alamofire */; };
		C5A4C1872864EC2400F6CDAF /* ResultEnums.swift in Sources */ = {isa = PBXBuildFile; fileRef = C5A4C1862864EC2400F6CDAF /* ResultEnums.swift */; };
		C5A4C18C2864EE8D00F6CDAF /* PokResult.swift in Sources */ = {isa = PBXBuildFile; fileRef = C5A4C18A2864EE8D00F6CDAF /* PokResult.swift */; };
		C5A4C18D2864EE8D00F6CDAF /* PokemonData.swift in Sources */ = {isa = PBXBuildFile; fileRef = C5A4C18B2864EE8D00F6CDAF /* PokemonData.swift */; };
		C5A4C18F2864EEF400F6CDAF /* ModelResponse.swift in Sources */ = {isa = PBXBuildFile; fileRef = C5A4C18E2864EEF400F6CDAF /* ModelResponse.swift */; };
		C5A4C197286500BD00F6CDAF /* HomeViewModel.swift in Sources */ = {isa = PBXBuildFile; fileRef = C5A4C196286500BD00F6CDAF /* HomeViewModel.swift */; };
		C5A4C19A28650A1E00F6CDAF /* HomeTableViewCell.swift in Sources */ = {isa = PBXBuildFile; fileRef = C5A4C19928650A1E00F6CDAF /* HomeTableViewCell.swift */; };
		C5A4C19D28651DA300F6CDAF /* SDWebImage in Frameworks */ = {isa = PBXBuildFile; productRef = C5A4C19C28651DA300F6CDAF /* SDWebImage */; };
		C5A4C19F28652D9100F6CDAF /* StringProtocol+Ext.swift in Sources */ = {isa = PBXBuildFile; fileRef = C5A4C19E28652D9000F6CDAF /* StringProtocol+Ext.swift */; };
		C5A4C1A22865CDE400F6CDAF /* DetailViewController.swift in Sources */ = {isa = PBXBuildFile; fileRef = C5A4C1A12865CDE400F6CDAF /* DetailViewController.swift */; };
/* End PBXBuildFile section */

/* Begin PBXContainerItemProxy section */
		C5A4C15A2864DB7600F6CDAF /* PBXContainerItemProxy */ = {
			isa = PBXContainerItemProxy;
			containerPortal = C5A4C13B2864DB7100F6CDAF /* Project object */;
			proxyType = 1;
			remoteGlobalIDString = C5A4C1422864DB7200F6CDAF;
			remoteInfo = Pokedex;
		};
		C5A4C1642864DB7700F6CDAF /* PBXContainerItemProxy */ = {
			isa = PBXContainerItemProxy;
			containerPortal = C5A4C13B2864DB7100F6CDAF /* Project object */;
			proxyType = 1;
			remoteGlobalIDString = C5A4C1422864DB7200F6CDAF;
			remoteInfo = Pokedex;
		};
/* End PBXContainerItemProxy section */

/* Begin PBXFileReference section */
		C57CE42E2865CFFB000A2773 /* PokeCollectionViewCell.swift */ = {isa = PBXFileReference; lastKnownFileType = sourcecode.swift; path = PokeCollectionViewCell.swift; sourceTree = "<group>"; };
		C57CE4312865D858000A2773 /* Dream_world.swift */ = {isa = PBXFileReference; fileEncoding = 4; lastKnownFileType = sourcecode.swift; path = Dream_world.swift; sourceTree = "<group>"; };
		C57CE4322865D858000A2773 /* Black-white.swift */ = {isa = PBXFileReference; fileEncoding = 4; lastKnownFileType = sourcecode.swift; path = "Black-white.swift"; sourceTree = "<group>"; };
		C57CE4332865D858000A2773 /* Abilities.swift */ = {isa = PBXFileReference; fileEncoding = 4; lastKnownFileType = sourcecode.swift; path = Abilities.swift; sourceTree = "<group>"; };
		C57CE4342865D858000A2773 /* Firered-leafgreen.swift */ = {isa = PBXFileReference; fileEncoding = 4; lastKnownFileType = sourcecode.swift; path = "Firered-leafgreen.swift"; sourceTree = "<group>"; };
		C57CE4352865D858000A2773 /* Heartgold-soulsilver.swift */ = {isa = PBXFileReference; fileEncoding = 4; lastKnownFileType = sourcecode.swift; path = "Heartgold-soulsilver.swift"; sourceTree = "<group>"; };
		C57CE4362865D859000A2773 /* Generation-vi.swift */ = {isa = PBXFileReference; fileEncoding = 4; lastKnownFileType = sourcecode.swift; path = "Generation-vi.swift"; sourceTree = "<group>"; };
		C57CE4372865D859000A2773 /* Ability.swift */ = {isa = PBXFileReference; fileEncoding = 4; lastKnownFileType = sourcecode.swift; path = Ability.swift; sourceTree = "<group>"; };
		C57CE4382865D859000A2773 /* Game_indices.swift */ = {isa = PBXFileReference; fileEncoding = 4; lastKnownFileType = sourcecode.swift; path = Game_indices.swift; sourceTree = "<group>"; };
		C57CE4392865D859000A2773 /* Version_group.swift */ = {isa = PBXFileReference; fileEncoding = 4; lastKnownFileType = sourcecode.swift; path = Version_group.swift; sourceTree = "<group>"; };
		C57CE43A2865D859000A2773 /* Generation-ii.swift */ = {isa = PBXFileReference; fileEncoding = 4; lastKnownFileType = sourcecode.swift; path = "Generation-ii.swift"; sourceTree = "<group>"; };
		C57CE43B2865D859000A2773 /* Icons.swift */ = {isa = PBXFileReference; fileEncoding = 4; lastKnownFileType = sourcecode.swift; path = Icons.swift; sourceTree = "<group>"; };
		C57CE43C2865D85A000A2773 /* Type.swift */ = {isa = PBXFileReference; fileEncoding = 4; lastKnownFileType = sourcecode.swift; path = Type.swift; sourceTree = "<group>"; };
		C57CE43D2865D85A000A2773 /* Silver.swift */ = {isa = PBXFileReference; fileEncoding = 4; lastKnownFileType = sourcecode.swift; path = Silver.swift; sourceTree = "<group>"; };
		C57CE43E2865D85A000A2773 /* Generation-iii.swift */ = {isa = PBXFileReference; fileEncoding = 4; lastKnownFileType = sourcecode.swift; path = "Generation-iii.swift"; sourceTree = "<group>"; };
		C57CE43F2865D85A000A2773 /* Ultra-sun-ultra-moon.swift */ = {isa = PBXFileReference; fileEncoding = 4; lastKnownFileType = sourcecode.swift; path = "Ultra-sun-ultra-moon.swift"; sourceTree = "<group>"; };
		C57CE4402865D85A000A2773 /* Diamond-pearl.swift */ = {isa = PBXFileReference; fileEncoding = 4; lastKnownFileType = sourcecode.swift; path = "Diamond-pearl.swift"; sourceTree = "<group>"; };
		C57CE4412865D85B000A2773 /* Types.swift */ = {isa = PBXFileReference; fileEncoding = 4; lastKnownFileType = sourcecode.swift; path = Types.swift; sourceTree = "<group>"; };
		C57CE4422865D85B000A2773 /* PokemonDetailsModel.swift */ = {isa = PBXFileReference; fileEncoding = 4; lastKnownFileType = sourcecode.swift; path = PokemonDetailsModel.swift; sourceTree = "<group>"; };
		C57CE4432865D85B000A2773 /* Platinum.swift */ = {isa = PBXFileReference; fileEncoding = 4; lastKnownFileType = sourcecode.swift; path = Platinum.swift; sourceTree = "<group>"; };
		C57CE4442865D85B000A2773 /* Stats.swift */ = {isa = PBXFileReference; fileEncoding = 4; lastKnownFileType = sourcecode.swift; path = Stats.swift; sourceTree = "<group>"; };
		C57CE4452865D85B000A2773 /* Home.swift */ = {isa = PBXFileReference; fileEncoding = 4; lastKnownFileType = sourcecode.swift; path = Home.swift; sourceTree = "<group>"; };
		C57CE4462865D85B000A2773 /* Gold.swift */ = {isa = PBXFileReference; fileEncoding = 4; lastKnownFileType = sourcecode.swift; path = Gold.swift; sourceTree = "<group>"; };
		C57CE4472865D85C000A2773 /* Generation-i.swift */ = {isa = PBXFileReference; fileEncoding = 4; lastKnownFileType = sourcecode.swift; path = "Generation-i.swift"; sourceTree = "<group>"; };
		C57CE4482865D85C000A2773 /* Move.swift */ = {isa = PBXFileReference; fileEncoding = 4; lastKnownFileType = sourcecode.swift; path = Move.swift; sourceTree = "<group>"; };
		C57CE4492865D85C000A2773 /* Official-artwork.swift */ = {isa = PBXFileReference; fileEncoding = 4; lastKnownFileType = sourcecode.swift; path = "Official-artwork.swift"; sourceTree = "<group>"; };
		C57CE44A2865D85C000A2773 /* Versions.swift */ = {isa = PBXFileReference; fileEncoding = 4; lastKnownFileType = sourcecode.swift; path = Versions.swift; sourceTree = "<group>"; };
		C57CE44B2865D85C000A2773 /* Other.swift */ = {isa = PBXFileReference; fileEncoding = 4; lastKnownFileType = sourcecode.swift; path = Other.swift; sourceTree = "<group>"; };
		C57CE44C2865D85D000A2773 /* Species.swift */ = {isa = PBXFileReference; fileEncoding = 4; lastKnownFileType = sourcecode.swift; path = Species.swift; sourceTree = "<group>"; };
		C57CE44D2865D85D000A2773 /* Move_learn_method.swift */ = {isa = PBXFileReference; fileEncoding = 4; lastKnownFileType = sourcecode.swift; path = Move_learn_method.swift; sourceTree = "<group>"; };
		C57CE44E2865D85D000A2773 /* X-y.swift */ = {isa = PBXFileReference; fileEncoding = 4; lastKnownFileType = sourcecode.swift; path = "X-y.swift"; sourceTree = "<group>"; };
		C57CE44F2865D85D000A2773 /* Omegaruby-alphasapphire.swift */ = {isa = PBXFileReference; fileEncoding = 4; lastKnownFileType = sourcecode.swift; path = "Omegaruby-alphasapphire.swift"; sourceTree = "<group>"; };
		C57CE4502865D85D000A2773 /* Forms.swift */ = {isa = PBXFileReference; fileEncoding = 4; lastKnownFileType = sourcecode.swift; path = Forms.swift; sourceTree = "<group>"; };
		C57CE4512865D85D000A2773 /* Generation-iv.swift */ = {isa = PBXFileReference; fileEncoding = 4; lastKnownFileType = sourcecode.swift; path = "Generation-iv.swift"; sourceTree = "<group>"; };
		C57CE4522865D85E000A2773 /* Yellow.swift */ = {isa = PBXFileReference; fileEncoding = 4; lastKnownFileType = sourcecode.swift; path = Yellow.swift; sourceTree = "<group>"; };
		C57CE4532865D85E000A2773 /* Generation-viii.swift */ = {isa = PBXFileReference; fileEncoding = 4; lastKnownFileType = sourcecode.swift; path = "Generation-viii.swift"; sourceTree = "<group>"; };
		C57CE4542865D85E000A2773 /* Generation-v.swift */ = {isa = PBXFileReference; fileEncoding = 4; lastKnownFileType = sourcecode.swift; path = "Generation-v.swift"; sourceTree = "<group>"; };
		C57CE4552865D85E000A2773 /* Crystal.swift */ = {isa = PBXFileReference; fileEncoding = 4; lastKnownFileType = sourcecode.swift; path = Crystal.swift; sourceTree = "<group>"; };
		C57CE4562865D85E000A2773 /* Emerald.swift */ = {isa = PBXFileReference; fileEncoding = 4; lastKnownFileType = sourcecode.swift; path = Emerald.swift; sourceTree = "<group>"; };
		C57CE4572865D85E000A2773 /* Moves.swift */ = {isa = PBXFileReference; fileEncoding = 4; lastKnownFileType = sourcecode.swift; path = Moves.swift; sourceTree = "<group>"; };
		C57CE4582865D85F000A2773 /* Sprites.swift */ = {isa = PBXFileReference; fileEncoding = 4; lastKnownFileType = sourcecode.swift; path = Sprites.swift; sourceTree = "<group>"; };
		C57CE4592865D85F000A2773 /* Version.swift */ = {isa = PBXFileReference; fileEncoding = 4; lastKnownFileType = sourcecode.swift; path = Version.swift; sourceTree = "<group>"; };
		C57CE45A2865D85F000A2773 /* Stat.swift */ = {isa = PBXFileReference; fileEncoding = 4; lastKnownFileType = sourcecode.swift; path = Stat.swift; sourceTree = "<group>"; };
		C57CE45B2865D85F000A2773 /* Generation-vii.swift */ = {isa = PBXFileReference; fileEncoding = 4; lastKnownFileType = sourcecode.swift; path = "Generation-vii.swift"; sourceTree = "<group>"; };
		C57CE45C2865D85F000A2773 /* Red-blue.swift */ = {isa = PBXFileReference; fileEncoding = 4; lastKnownFileType = sourcecode.swift; path = "Red-blue.swift"; sourceTree = "<group>"; };
		C57CE45D2865D860000A2773 /* Animated.swift */ = {isa = PBXFileReference; fileEncoding = 4; lastKnownFileType = sourcecode.swift; path = Animated.swift; sourceTree = "<group>"; };
		C57CE45E2865D860000A2773 /* Ruby-sapphire.swift */ = {isa = PBXFileReference; fileEncoding = 4; lastKnownFileType = sourcecode.swift; path = "Ruby-sapphire.swift"; sourceTree = "<group>"; };
		C57CE45F2865D860000A2773 /* Version_group_details.swift */ = {isa = PBXFileReference; fileEncoding = 4; lastKnownFileType = sourcecode.swift; path = Version_group_details.swift; sourceTree = "<group>"; };
		C57CE48F2865DFFD000A2773 /* UIStoryboard+Cntr+Ext.swift */ = {isa = PBXFileReference; lastKnownFileType = sourcecode.swift; path = "UIStoryboard+Cntr+Ext.swift"; sourceTree = "<group>"; };
		C57CE4912865E086000A2773 /* DetailViewModel.swift */ = {isa = PBXFileReference; lastKnownFileType = sourcecode.swift; path = DetailViewModel.swift; sourceTree = "<group>"; };
		C57CE49328660E7B000A2773 /* AbilitiesTableViewCell.swift */ = {isa = PBXFileReference; lastKnownFileType = sourcecode.swift; path = AbilitiesTableViewCell.swift; sourceTree = "<group>"; };
		C5A4C1432864DB7200F6CDAF /* Pokedex.app */ = {isa = PBXFileReference; explicitFileType = wrapper.application; includeInIndex = 0; path = Pokedex.app; sourceTree = BUILT_PRODUCTS_DIR; };
		C5A4C1462864DB7200F6CDAF /* AppDelegate.swift */ = {isa = PBXFileReference; lastKnownFileType = sourcecode.swift; path = AppDelegate.swift; sourceTree = "<group>"; };
		C5A4C1482864DB7200F6CDAF /* SceneDelegate.swift */ = {isa = PBXFileReference; lastKnownFileType = sourcecode.swift; path = SceneDelegate.swift; sourceTree = "<group>"; };
		C5A4C14A2864DB7200F6CDAF /* HomeViewController.swift */ = {isa = PBXFileReference; lastKnownFileType = sourcecode.swift; path = HomeViewController.swift; sourceTree = "<group>"; };
		C5A4C14D2864DB7200F6CDAF /* Base */ = {isa = PBXFileReference; lastKnownFileType = file.storyboard; name = Base; path = Base.lproj/Main.storyboard; sourceTree = "<group>"; };
		C5A4C14F2864DB7600F6CDAF /* Assets.xcassets */ = {isa = PBXFileReference; lastKnownFileType = folder.assetcatalog; path = Assets.xcassets; sourceTree = "<group>"; };
		C5A4C1522864DB7600F6CDAF /* Base */ = {isa = PBXFileReference; lastKnownFileType = file.storyboard; name = Base; path = Base.lproj/LaunchScreen.storyboard; sourceTree = "<group>"; };
		C5A4C1542864DB7600F6CDAF /* Info.plist */ = {isa = PBXFileReference; lastKnownFileType = text.plist.xml; path = Info.plist; sourceTree = "<group>"; };
		C5A4C1592864DB7600F6CDAF /* PokedexTests.xctest */ = {isa = PBXFileReference; explicitFileType = wrapper.cfbundle; includeInIndex = 0; path = PokedexTests.xctest; sourceTree = BUILT_PRODUCTS_DIR; };
		C5A4C15D2864DB7600F6CDAF /* PokedexTests.swift */ = {isa = PBXFileReference; lastKnownFileType = sourcecode.swift; path = PokedexTests.swift; sourceTree = "<group>"; };
		C5A4C1632864DB7700F6CDAF /* PokedexUITests.xctest */ = {isa = PBXFileReference; explicitFileType = wrapper.cfbundle; includeInIndex = 0; path = PokedexUITests.xctest; sourceTree = BUILT_PRODUCTS_DIR; };
		C5A4C1672864DB7700F6CDAF /* PokedexUITests.swift */ = {isa = PBXFileReference; lastKnownFileType = sourcecode.swift; path = PokedexUITests.swift; sourceTree = "<group>"; };
		C5A4C1692864DB7700F6CDAF /* PokedexUITestsLaunchTests.swift */ = {isa = PBXFileReference; lastKnownFileType = sourcecode.swift; path = PokedexUITestsLaunchTests.swift; sourceTree = "<group>"; };
		C5A4C17A2864DC7400F6CDAF /* Constants.swift */ = {isa = PBXFileReference; lastKnownFileType = sourcecode.swift; path = Constants.swift; sourceTree = "<group>"; };
		C5A4C17C2864DFF500F6CDAF /* TypeAliases.swift */ = {isa = PBXFileReference; lastKnownFileType = sourcecode.swift; path = TypeAliases.swift; sourceTree = "<group>"; };
		C5A4C17E2864E16F00F6CDAF /* APILibrary.swift */ = {isa = PBXFileReference; lastKnownFileType = sourcecode.swift; path = APILibrary.swift; sourceTree = "<group>"; };
		C5A4C1812864E3B500F6CDAF /* URL+Ext.swift */ = {isa = PBXFileReference; lastKnownFileType = sourcecode.swift; path = "URL+Ext.swift"; sourceTree = "<group>"; };
		C5A4C1862864EC2400F6CDAF /* ResultEnums.swift */ = {isa = PBXFileReference; lastKnownFileType = sourcecode.swift; path = ResultEnums.swift; sourceTree = "<group>"; };
		C5A4C18A2864EE8D00F6CDAF /* PokResult.swift */ = {isa = PBXFileReference; fileEncoding = 4; lastKnownFileType = sourcecode.swift; path = PokResult.swift; sourceTree = "<group>"; };
		C5A4C18B2864EE8D00F6CDAF /* PokemonData.swift */ = {isa = PBXFileReference; fileEncoding = 4; lastKnownFileType = sourcecode.swift; path = PokemonData.swift; sourceTree = "<group>"; };
		C5A4C18E2864EEF400F6CDAF /* ModelResponse.swift */ = {isa = PBXFileReference; lastKnownFileType = sourcecode.swift; path = ModelResponse.swift; sourceTree = "<group>"; };
		C5A4C196286500BD00F6CDAF /* HomeViewModel.swift */ = {isa = PBXFileReference; lastKnownFileType = sourcecode.swift; path = HomeViewModel.swift; sourceTree = "<group>"; };
		C5A4C19928650A1E00F6CDAF /* HomeTableViewCell.swift */ = {isa = PBXFileReference; lastKnownFileType = sourcecode.swift; path = HomeTableViewCell.swift; sourceTree = "<group>"; };
		C5A4C19E28652D9000F6CDAF /* StringProtocol+Ext.swift */ = {isa = PBXFileReference; lastKnownFileType = sourcecode.swift; path = "StringProtocol+Ext.swift"; sourceTree = "<group>"; };
		C5A4C1A12865CDE400F6CDAF /* DetailViewController.swift */ = {isa = PBXFileReference; lastKnownFileType = sourcecode.swift; path = DetailViewController.swift; sourceTree = "<group>"; };
/* End PBXFileReference section */

/* Begin PBXFrameworksBuildPhase section */
		C5A4C1402864DB7200F6CDAF /* Frameworks */ = {
			isa = PBXFrameworksBuildPhase;
			buildActionMask = 2147483647;
			files = (
				C5A4C19D28651DA300F6CDAF /* SDWebImage in Frameworks */,
				C5A4C1852864EA2200F6CDAF /* Alamofire in Frameworks */,
			);
			runOnlyForDeploymentPostprocessing = 0;
		};
		C5A4C1562864DB7600F6CDAF /* Frameworks */ = {
			isa = PBXFrameworksBuildPhase;
			buildActionMask = 2147483647;
			files = (
			);
			runOnlyForDeploymentPostprocessing = 0;
		};
		C5A4C1602864DB7700F6CDAF /* Frameworks */ = {
			isa = PBXFrameworksBuildPhase;
			buildActionMask = 2147483647;
			files = (
			);
			runOnlyForDeploymentPostprocessing = 0;
		};
/* End PBXFrameworksBuildPhase section */

/* Begin PBXGroup section */
		C57CE4302865D831000A2773 /* PokemonDetailsAPI */ = {
			isa = PBXGroup;
			children = (
				C57CE4422865D85B000A2773 /* PokemonDetailsModel.swift */,
				C57CE4332865D858000A2773 /* Abilities.swift */,
				C57CE4372865D859000A2773 /* Ability.swift */,
				C57CE45D2865D860000A2773 /* Animated.swift */,
				C57CE4322865D858000A2773 /* Black-white.swift */,
				C57CE4552865D85E000A2773 /* Crystal.swift */,
				C57CE4402865D85A000A2773 /* Diamond-pearl.swift */,
				C57CE4312865D858000A2773 /* Dream_world.swift */,
				C57CE4562865D85E000A2773 /* Emerald.swift */,
				C57CE4342865D858000A2773 /* Firered-leafgreen.swift */,
				C57CE4502865D85D000A2773 /* Forms.swift */,
				C57CE4382865D859000A2773 /* Game_indices.swift */,
				C57CE4472865D85C000A2773 /* Generation-i.swift */,
				C57CE43A2865D859000A2773 /* Generation-ii.swift */,
				C57CE43E2865D85A000A2773 /* Generation-iii.swift */,
				C57CE4512865D85D000A2773 /* Generation-iv.swift */,
				C57CE4542865D85E000A2773 /* Generation-v.swift */,
				C57CE4362865D859000A2773 /* Generation-vi.swift */,
				C57CE45B2865D85F000A2773 /* Generation-vii.swift */,
				C57CE4532865D85E000A2773 /* Generation-viii.swift */,
				C57CE4462865D85B000A2773 /* Gold.swift */,
				C57CE4352865D858000A2773 /* Heartgold-soulsilver.swift */,
				C57CE4452865D85B000A2773 /* Home.swift */,
				C57CE43B2865D859000A2773 /* Icons.swift */,
				C57CE44D2865D85D000A2773 /* Move_learn_method.swift */,
				C57CE4482865D85C000A2773 /* Move.swift */,
				C57CE4572865D85E000A2773 /* Moves.swift */,
				C57CE4492865D85C000A2773 /* Official-artwork.swift */,
				C57CE44F2865D85D000A2773 /* Omegaruby-alphasapphire.swift */,
				C57CE44B2865D85C000A2773 /* Other.swift */,
				C57CE4432865D85B000A2773 /* Platinum.swift */,
				C57CE45C2865D85F000A2773 /* Red-blue.swift */,
				C57CE45E2865D860000A2773 /* Ruby-sapphire.swift */,
				C57CE43D2865D85A000A2773 /* Silver.swift */,
				C57CE44C2865D85D000A2773 /* Species.swift */,
				C57CE4582865D85F000A2773 /* Sprites.swift */,
				C57CE45A2865D85F000A2773 /* Stat.swift */,
				C57CE4442865D85B000A2773 /* Stats.swift */,
				C57CE43C2865D85A000A2773 /* Type.swift */,
				C57CE4412865D85B000A2773 /* Types.swift */,
				C57CE43F2865D85A000A2773 /* Ultra-sun-ultra-moon.swift */,
				C57CE45F2865D860000A2773 /* Version_group_details.swift */,
				C57CE4392865D859000A2773 /* Version_group.swift */,
				C57CE4592865D85F000A2773 /* Version.swift */,
				C57CE44A2865D85C000A2773 /* Versions.swift */,
				C57CE44E2865D85D000A2773 /* X-y.swift */,
				C57CE4522865D85E000A2773 /* Yellow.swift */,
			);
			path = PokemonDetailsAPI;
			sourceTree = "<group>";
		};
		C5A4C13A2864DB7100F6CDAF = {
			isa = PBXGroup;
			children = (
				C5A4C1452864DB7200F6CDAF /* Pokedex */,
				C5A4C15C2864DB7600F6CDAF /* PokedexTests */,
				C5A4C1662864DB7700F6CDAF /* PokedexUITests */,
				C5A4C1442864DB7200F6CDAF /* Products */,
			);
			sourceTree = "<group>";
		};
		C5A4C1442864DB7200F6CDAF /* Products */ = {
			isa = PBXGroup;
			children = (
				C5A4C1432864DB7200F6CDAF /* Pokedex.app */,
				C5A4C1592864DB7600F6CDAF /* PokedexTests.xctest */,
				C5A4C1632864DB7700F6CDAF /* PokedexUITests.xctest */,
			);
			name = Products;
			sourceTree = "<group>";
		};
		C5A4C1452864DB7200F6CDAF /* Pokedex */ = {
			isa = PBXGroup;
			children = (
				C5A4C1462864DB7200F6CDAF /* AppDelegate.swift */,
				C5A4C1482864DB7200F6CDAF /* SceneDelegate.swift */,
				C5A4C1792864DC6000F6CDAF /* Helpers */,
				C5A4C1802864E37C00F6CDAF /* Extensions */,
				C5A4C1762864DC1F00F6CDAF /* APIService */,
				C5A4C1882864EE4C00F6CDAF /* Model */,
				C5A4C1942864FF9A00F6CDAF /* View */,
				C5A4C1952865009100F6CDAF /* ViewModel */,
				C5A4C14C2864DB7200F6CDAF /* Main.storyboard */,
				C5A4C14F2864DB7600F6CDAF /* Assets.xcassets */,
				C5A4C1512864DB7600F6CDAF /* LaunchScreen.storyboard */,
				C5A4C1542864DB7600F6CDAF /* Info.plist */,
			);
			path = Pokedex;
			sourceTree = "<group>";
		};
		C5A4C15C2864DB7600F6CDAF /* PokedexTests */ = {
			isa = PBXGroup;
			children = (
				C5A4C15D2864DB7600F6CDAF /* PokedexTests.swift */,
			);
			path = PokedexTests;
			sourceTree = "<group>";
		};
		C5A4C1662864DB7700F6CDAF /* PokedexUITests */ = {
			isa = PBXGroup;
			children = (
				C5A4C1672864DB7700F6CDAF /* PokedexUITests.swift */,
				C5A4C1692864DB7700F6CDAF /* PokedexUITestsLaunchTests.swift */,
			);
			path = PokedexUITests;
			sourceTree = "<group>";
		};
		C5A4C1762864DC1F00F6CDAF /* APIService */ = {
			isa = PBXGroup;
			children = (
				C5A4C17E2864E16F00F6CDAF /* APILibrary.swift */,
			);
			path = APIService;
			sourceTree = "<group>";
		};
		C5A4C1792864DC6000F6CDAF /* Helpers */ = {
			isa = PBXGroup;
			children = (
				C5A4C17A2864DC7400F6CDAF /* Constants.swift */,
				C5A4C17C2864DFF500F6CDAF /* TypeAliases.swift */,
				C5A4C1862864EC2400F6CDAF /* ResultEnums.swift */,
			);
			path = Helpers;
			sourceTree = "<group>";
		};
		C5A4C1802864E37C00F6CDAF /* Extensions */ = {
			isa = PBXGroup;
			children = (
				C5A4C1812864E3B500F6CDAF /* URL+Ext.swift */,
				C5A4C19E28652D9000F6CDAF /* StringProtocol+Ext.swift */,
				C57CE48F2865DFFD000A2773 /* UIStoryboard+Cntr+Ext.swift */,
			);
			path = Extensions;
			sourceTree = "<group>";
		};
		C5A4C1882864EE4C00F6CDAF /* Model */ = {
			isa = PBXGroup;
			children = (
				C57CE4302865D831000A2773 /* PokemonDetailsAPI */,
				C5A4C18E2864EEF400F6CDAF /* ModelResponse.swift */,
				C5A4C1892864EE7400F6CDAF /* PokemonAPI */,
			);
			path = Model;
			sourceTree = "<group>";
		};
		C5A4C1892864EE7400F6CDAF /* PokemonAPI */ = {
			isa = PBXGroup;
			children = (
				C5A4C18B2864EE8D00F6CDAF /* PokemonData.swift */,
				C5A4C18A2864EE8D00F6CDAF /* PokResult.swift */,
			);
			path = PokemonAPI;
			sourceTree = "<group>";
		};
		C5A4C1942864FF9A00F6CDAF /* View */ = {
			isa = PBXGroup;
			children = (
				C5A4C198286509FD00F6CDAF /* Cells */,
				C5A4C14A2864DB7200F6CDAF /* HomeViewController.swift */,
				C5A4C1A12865CDE400F6CDAF /* DetailViewController.swift */,
			);
			path = View;
			sourceTree = "<group>";
		};
		C5A4C1952865009100F6CDAF /* ViewModel */ = {
			isa = PBXGroup;
			children = (
				C5A4C196286500BD00F6CDAF /* HomeViewModel.swift */,
				C57CE4912865E086000A2773 /* DetailViewModel.swift */,
			);
			path = ViewModel;
			sourceTree = "<group>";
		};
		C5A4C198286509FD00F6CDAF /* Cells */ = {
			isa = PBXGroup;
			children = (
				C5A4C19928650A1E00F6CDAF /* HomeTableViewCell.swift */,
				C57CE42E2865CFFB000A2773 /* PokeCollectionViewCell.swift */,
				C57CE49328660E7B000A2773 /* AbilitiesTableViewCell.swift */,
			);
			path = Cells;
			sourceTree = "<group>";
		};
/* End PBXGroup section */

/* Begin PBXNativeTarget section */
		C5A4C1422864DB7200F6CDAF /* Pokedex */ = {
			isa = PBXNativeTarget;
			buildConfigurationList = C5A4C16D2864DB7700F6CDAF /* Build configuration list for PBXNativeTarget "Pokedex" */;
			buildPhases = (
				C5A4C13F2864DB7200F6CDAF /* Sources */,
				C5A4C1402864DB7200F6CDAF /* Frameworks */,
				C5A4C1412864DB7200F6CDAF /* Resources */,
			);
			buildRules = (
			);
			dependencies = (
			);
			name = Pokedex;
			packageProductDependencies = (
				C5A4C1842864EA2200F6CDAF /* Alamofire */,
				C5A4C19C28651DA300F6CDAF /* SDWebImage */,
			);
			productName = Pokedex;
			productReference = C5A4C1432864DB7200F6CDAF /* Pokedex.app */;
			productType = "com.apple.product-type.application";
		};
		C5A4C1582864DB7600F6CDAF /* PokedexTests */ = {
			isa = PBXNativeTarget;
			buildConfigurationList = C5A4C1702864DB7700F6CDAF /* Build configuration list for PBXNativeTarget "PokedexTests" */;
			buildPhases = (
				C5A4C1552864DB7600F6CDAF /* Sources */,
				C5A4C1562864DB7600F6CDAF /* Frameworks */,
				C5A4C1572864DB7600F6CDAF /* Resources */,
			);
			buildRules = (
			);
			dependencies = (
				C5A4C15B2864DB7600F6CDAF /* PBXTargetDependency */,
			);
			name = PokedexTests;
			productName = PokedexTests;
			productReference = C5A4C1592864DB7600F6CDAF /* PokedexTests.xctest */;
			productType = "com.apple.product-type.bundle.unit-test";
		};
		C5A4C1622864DB7700F6CDAF /* PokedexUITests */ = {
			isa = PBXNativeTarget;
			buildConfigurationList = C5A4C1732864DB7700F6CDAF /* Build configuration list for PBXNativeTarget "PokedexUITests" */;
			buildPhases = (
				C5A4C15F2864DB7700F6CDAF /* Sources */,
				C5A4C1602864DB7700F6CDAF /* Frameworks */,
				C5A4C1612864DB7700F6CDAF /* Resources */,
			);
			buildRules = (
			);
			dependencies = (
				C5A4C1652864DB7700F6CDAF /* PBXTargetDependency */,
			);
			name = PokedexUITests;
			productName = PokedexUITests;
			productReference = C5A4C1632864DB7700F6CDAF /* PokedexUITests.xctest */;
			productType = "com.apple.product-type.bundle.ui-testing";
		};
/* End PBXNativeTarget section */

/* Begin PBXProject section */
		C5A4C13B2864DB7100F6CDAF /* Project object */ = {
			isa = PBXProject;
			attributes = {
				BuildIndependentTargetsInParallel = 1;
				LastSwiftUpdateCheck = 1330;
				LastUpgradeCheck = 1330;
				TargetAttributes = {
					C5A4C1422864DB7200F6CDAF = {
						CreatedOnToolsVersion = 13.3.1;
					};
					C5A4C1582864DB7600F6CDAF = {
						CreatedOnToolsVersion = 13.3.1;
						TestTargetID = C5A4C1422864DB7200F6CDAF;
					};
					C5A4C1622864DB7700F6CDAF = {
						CreatedOnToolsVersion = 13.3.1;
						TestTargetID = C5A4C1422864DB7200F6CDAF;
					};
				};
			};
			buildConfigurationList = C5A4C13E2864DB7100F6CDAF /* Build configuration list for PBXProject "Pokedex" */;
			compatibilityVersion = "Xcode 13.0";
			developmentRegion = en;
			hasScannedForEncodings = 0;
			knownRegions = (
				en,
				Base,
			);
			mainGroup = C5A4C13A2864DB7100F6CDAF;
			packageReferences = (
				C5A4C1832864EA2200F6CDAF /* XCRemoteSwiftPackageReference "Alamofire" */,
				C5A4C19B28651DA300F6CDAF /* XCRemoteSwiftPackageReference "SDWebImage" */,
			);
			productRefGroup = C5A4C1442864DB7200F6CDAF /* Products */;
			projectDirPath = "";
			projectRoot = "";
			targets = (
				C5A4C1422864DB7200F6CDAF /* Pokedex */,
				C5A4C1582864DB7600F6CDAF /* PokedexTests */,
				C5A4C1622864DB7700F6CDAF /* PokedexUITests */,
			);
		};
/* End PBXProject section */

/* Begin PBXResourcesBuildPhase section */
		C5A4C1412864DB7200F6CDAF /* Resources */ = {
			isa = PBXResourcesBuildPhase;
			buildActionMask = 2147483647;
			files = (
				C5A4C1532864DB7600F6CDAF /* LaunchScreen.storyboard in Resources */,
				C5A4C1502864DB7600F6CDAF /* Assets.xcassets in Resources */,
				C5A4C14E2864DB7200F6CDAF /* Main.storyboard in Resources */,
			);
			runOnlyForDeploymentPostprocessing = 0;
		};
		C5A4C1572864DB7600F6CDAF /* Resources */ = {
			isa = PBXResourcesBuildPhase;
			buildActionMask = 2147483647;
			files = (
			);
			runOnlyForDeploymentPostprocessing = 0;
		};
		C5A4C1612864DB7700F6CDAF /* Resources */ = {
			isa = PBXResourcesBuildPhase;
			buildActionMask = 2147483647;
			files = (
			);
			runOnlyForDeploymentPostprocessing = 0;
		};
/* End PBXResourcesBuildPhase section */

/* Begin PBXSourcesBuildPhase section */
		C5A4C13F2864DB7200F6CDAF /* Sources */ = {
			isa = PBXSourcesBuildPhase;
			buildActionMask = 2147483647;
			files = (
				C57CE49428660E7B000A2773 /* AbilitiesTableViewCell.swift in Sources */,
				C5A4C17D2864DFF500F6CDAF /* TypeAliases.swift in Sources */,
				C57CE4732865D860000A2773 /* Stats.swift in Sources */,
				C57CE4872865D860000A2773 /* Sprites.swift in Sources */,
				C57CE46C2865D860000A2773 /* Silver.swift in Sources */,
				C57CE4662865D860000A2773 /* Ability.swift in Sources */,
				C57CE4632865D860000A2773 /* Firered-leafgreen.swift in Sources */,
				C5A4C17B2864DC7400F6CDAF /* Constants.swift in Sources */,
				C57CE4762865D860000A2773 /* Generation-i.swift in Sources */,
				C5A4C19A28650A1E00F6CDAF /* HomeTableViewCell.swift in Sources */,
				C57CE47B2865D860000A2773 /* Species.swift in Sources */,
				C57CE4672865D860000A2773 /* Game_indices.swift in Sources */,
				C5A4C14B2864DB7200F6CDAF /* HomeViewController.swift in Sources */,
				C5A4C1872864EC2400F6CDAF /* ResultEnums.swift in Sources */,
				C57CE4882865D860000A2773 /* Version.swift in Sources */,
				C57CE4702865D860000A2773 /* Types.swift in Sources */,
				C57CE48E2865D860000A2773 /* Version_group_details.swift in Sources */,
				C57CE47E2865D860000A2773 /* Omegaruby-alphasapphire.swift in Sources */,
				C57CE4802865D860000A2773 /* Generation-iv.swift in Sources */,
				C5A4C1472864DB7200F6CDAF /* AppDelegate.swift in Sources */,
				C57CE4832865D860000A2773 /* Generation-v.swift in Sources */,
				C57CE47D2865D860000A2773 /* X-y.swift in Sources */,
				C57CE4602865D860000A2773 /* Dream_world.swift in Sources */,
				C57CE46F2865D860000A2773 /* Diamond-pearl.swift in Sources */,
				C57CE46D2865D860000A2773 /* Generation-iii.swift in Sources */,
				C57CE4792865D860000A2773 /* Versions.swift in Sources */,
				C57CE4622865D860000A2773 /* Abilities.swift in Sources */,
				C57CE46B2865D860000A2773 /* Type.swift in Sources */,
				C57CE4902865DFFD000A2773 /* UIStoryboard+Cntr+Ext.swift in Sources */,
				C57CE47A2865D860000A2773 /* Other.swift in Sources */,
				C5A4C18F2864EEF400F6CDAF /* ModelResponse.swift in Sources */,
				C57CE4812865D860000A2773 /* Yellow.swift in Sources */,
				C5A4C18C2864EE8D00F6CDAF /* PokResult.swift in Sources */,
				C57CE4852865D860000A2773 /* Emerald.swift in Sources */,
				C57CE48D2865D860000A2773 /* Ruby-sapphire.swift in Sources */,
				C57CE4772865D860000A2773 /* Move.swift in Sources */,
				C5A4C19F28652D9100F6CDAF /* StringProtocol+Ext.swift in Sources */,
				C57CE4782865D860000A2773 /* Official-artwork.swift in Sources */,
				C57CE46A2865D860000A2773 /* Icons.swift in Sources */,
				C57CE4892865D860000A2773 /* Stat.swift in Sources */,
				C57CE4682865D860000A2773 /* Version_group.swift in Sources */,
				C5A4C197286500BD00F6CDAF /* HomeViewModel.swift in Sources */,
				C57CE4642865D860000A2773 /* Heartgold-soulsilver.swift in Sources */,
				C57CE46E2865D860000A2773 /* Ultra-sun-ultra-moon.swift in Sources */,
				C57CE48A2865D860000A2773 /* Generation-vii.swift in Sources */,
				C5A4C17F2864E16F00F6CDAF /* APILibrary.swift in Sources */,
				C57CE4722865D860000A2773 /* Platinum.swift in Sources */,
				C57CE48C2865D860000A2773 /* Animated.swift in Sources */,
				C57CE4742865D860000A2773 /* Home.swift in Sources */,
				C57CE4922865E086000A2773 /* DetailViewModel.swift in Sources */,
				C5A4C1492864DB7200F6CDAF /* SceneDelegate.swift in Sources */,
				C57CE4692865D860000A2773 /* Generation-ii.swift in Sources */,
				C57CE47C2865D860000A2773 /* Move_learn_method.swift in Sources */,
				C57CE4862865D860000A2773 /* Moves.swift in Sources */,
				C5A4C1A22865CDE400F6CDAF /* DetailViewController.swift in Sources */,
				C57CE48B2865D860000A2773 /* Red-blue.swift in Sources */,
				C57CE4842865D860000A2773 /* Crystal.swift in Sources */,
				C57CE42F2865CFFB000A2773 /* PokeCollectionViewCell.swift in Sources */,
				C57CE4712865D860000A2773 /* PokemonDetailsModel.swift in Sources */,
				C57CE4612865D860000A2773 /* Black-white.swift in Sources */,
				C5A4C1822864E3B500F6CDAF /* URL+Ext.swift in Sources */,
				C57CE4752865D860000A2773 /* Gold.swift in Sources */,
				C57CE47F2865D860000A2773 /* Forms.swift in Sources */,
				C57CE4652865D860000A2773 /* Generation-vi.swift in Sources */,
				C5A4C18D2864EE8D00F6CDAF /* PokemonData.swift in Sources */,
				C57CE4822865D860000A2773 /* Generation-viii.swift in Sources */,
			);
			runOnlyForDeploymentPostprocessing = 0;
		};
		C5A4C1552864DB7600F6CDAF /* Sources */ = {
			isa = PBXSourcesBuildPhase;
			buildActionMask = 2147483647;
			files = (
				C5A4C15E2864DB7600F6CDAF /* PokedexTests.swift in Sources */,
			);
			runOnlyForDeploymentPostprocessing = 0;
		};
		C5A4C15F2864DB7700F6CDAF /* Sources */ = {
			isa = PBXSourcesBuildPhase;
			buildActionMask = 2147483647;
			files = (
				C5A4C1682864DB7700F6CDAF /* PokedexUITests.swift in Sources */,
				C5A4C16A2864DB7700F6CDAF /* PokedexUITestsLaunchTests.swift in Sources */,
			);
			runOnlyForDeploymentPostprocessing = 0;
		};
/* End PBXSourcesBuildPhase section */

/* Begin PBXTargetDependency section */
		C5A4C15B2864DB7600F6CDAF /* PBXTargetDependency */ = {
			isa = PBXTargetDependency;
			target = C5A4C1422864DB7200F6CDAF /* Pokedex */;
			targetProxy = C5A4C15A2864DB7600F6CDAF /* PBXContainerItemProxy */;
		};
		C5A4C1652864DB7700F6CDAF /* PBXTargetDependency */ = {
			isa = PBXTargetDependency;
			target = C5A4C1422864DB7200F6CDAF /* Pokedex */;
			targetProxy = C5A4C1642864DB7700F6CDAF /* PBXContainerItemProxy */;
		};
/* End PBXTargetDependency section */

/* Begin PBXVariantGroup section */
		C5A4C14C2864DB7200F6CDAF /* Main.storyboard */ = {
			isa = PBXVariantGroup;
			children = (
				C5A4C14D2864DB7200F6CDAF /* Base */,
			);
			name = Main.storyboard;
			sourceTree = "<group>";
		};
		C5A4C1512864DB7600F6CDAF /* LaunchScreen.storyboard */ = {
			isa = PBXVariantGroup;
			children = (
				C5A4C1522864DB7600F6CDAF /* Base */,
			);
			name = LaunchScreen.storyboard;
			sourceTree = "<group>";
		};
/* End PBXVariantGroup section */

/* Begin XCBuildConfiguration section */
		C5A4C16B2864DB7700F6CDAF /* Debug */ = {
			isa = XCBuildConfiguration;
			buildSettings = {
				ALWAYS_SEARCH_USER_PATHS = NO;
				CLANG_ANALYZER_NONNULL = YES;
				CLANG_ANALYZER_NUMBER_OBJECT_CONVERSION = YES_AGGRESSIVE;
				CLANG_CXX_LANGUAGE_STANDARD = "gnu++17";
				CLANG_ENABLE_MODULES = YES;
				CLANG_ENABLE_OBJC_ARC = YES;
				CLANG_ENABLE_OBJC_WEAK = YES;
				CLANG_WARN_BLOCK_CAPTURE_AUTORELEASING = YES;
				CLANG_WARN_BOOL_CONVERSION = YES;
				CLANG_WARN_COMMA = YES;
				CLANG_WARN_CONSTANT_CONVERSION = YES;
				CLANG_WARN_DEPRECATED_OBJC_IMPLEMENTATIONS = YES;
				CLANG_WARN_DIRECT_OBJC_ISA_USAGE = YES_ERROR;
				CLANG_WARN_DOCUMENTATION_COMMENTS = YES;
				CLANG_WARN_EMPTY_BODY = YES;
				CLANG_WARN_ENUM_CONVERSION = YES;
				CLANG_WARN_INFINITE_RECURSION = YES;
				CLANG_WARN_INT_CONVERSION = YES;
				CLANG_WARN_NON_LITERAL_NULL_CONVERSION = YES;
				CLANG_WARN_OBJC_IMPLICIT_RETAIN_SELF = YES;
				CLANG_WARN_OBJC_LITERAL_CONVERSION = YES;
				CLANG_WARN_OBJC_ROOT_CLASS = YES_ERROR;
				CLANG_WARN_QUOTED_INCLUDE_IN_FRAMEWORK_HEADER = YES;
				CLANG_WARN_RANGE_LOOP_ANALYSIS = YES;
				CLANG_WARN_STRICT_PROTOTYPES = YES;
				CLANG_WARN_SUSPICIOUS_MOVE = YES;
				CLANG_WARN_UNGUARDED_AVAILABILITY = YES_AGGRESSIVE;
				CLANG_WARN_UNREACHABLE_CODE = YES;
				CLANG_WARN__DUPLICATE_METHOD_MATCH = YES;
				COPY_PHASE_STRIP = NO;
				DEBUG_INFORMATION_FORMAT = dwarf;
				ENABLE_STRICT_OBJC_MSGSEND = YES;
				ENABLE_TESTABILITY = YES;
				GCC_C_LANGUAGE_STANDARD = gnu11;
				GCC_DYNAMIC_NO_PIC = NO;
				GCC_NO_COMMON_BLOCKS = YES;
				GCC_OPTIMIZATION_LEVEL = 0;
				GCC_PREPROCESSOR_DEFINITIONS = (
					"DEBUG=1",
					"$(inherited)",
				);
				GCC_WARN_64_TO_32_BIT_CONVERSION = YES;
				GCC_WARN_ABOUT_RETURN_TYPE = YES_ERROR;
				GCC_WARN_UNDECLARED_SELECTOR = YES;
				GCC_WARN_UNINITIALIZED_AUTOS = YES_AGGRESSIVE;
				GCC_WARN_UNUSED_FUNCTION = YES;
				GCC_WARN_UNUSED_VARIABLE = YES;
				IPHONEOS_DEPLOYMENT_TARGET = 15.4;
				MTL_ENABLE_DEBUG_INFO = INCLUDE_SOURCE;
				MTL_FAST_MATH = YES;
				ONLY_ACTIVE_ARCH = YES;
				SDKROOT = iphoneos;
				SWIFT_ACTIVE_COMPILATION_CONDITIONS = DEBUG;
				SWIFT_OPTIMIZATION_LEVEL = "-Onone";
			};
			name = Debug;
		};
		C5A4C16C2864DB7700F6CDAF /* Release */ = {
			isa = XCBuildConfiguration;
			buildSettings = {
				ALWAYS_SEARCH_USER_PATHS = NO;
				CLANG_ANALYZER_NONNULL = YES;
				CLANG_ANALYZER_NUMBER_OBJECT_CONVERSION = YES_AGGRESSIVE;
				CLANG_CXX_LANGUAGE_STANDARD = "gnu++17";
				CLANG_ENABLE_MODULES = YES;
				CLANG_ENABLE_OBJC_ARC = YES;
				CLANG_ENABLE_OBJC_WEAK = YES;
				CLANG_WARN_BLOCK_CAPTURE_AUTORELEASING = YES;
				CLANG_WARN_BOOL_CONVERSION = YES;
				CLANG_WARN_COMMA = YES;
				CLANG_WARN_CONSTANT_CONVERSION = YES;
				CLANG_WARN_DEPRECATED_OBJC_IMPLEMENTATIONS = YES;
				CLANG_WARN_DIRECT_OBJC_ISA_USAGE = YES_ERROR;
				CLANG_WARN_DOCUMENTATION_COMMENTS = YES;
				CLANG_WARN_EMPTY_BODY = YES;
				CLANG_WARN_ENUM_CONVERSION = YES;
				CLANG_WARN_INFINITE_RECURSION = YES;
				CLANG_WARN_INT_CONVERSION = YES;
				CLANG_WARN_NON_LITERAL_NULL_CONVERSION = YES;
				CLANG_WARN_OBJC_IMPLICIT_RETAIN_SELF = YES;
				CLANG_WARN_OBJC_LITERAL_CONVERSION = YES;
				CLANG_WARN_OBJC_ROOT_CLASS = YES_ERROR;
				CLANG_WARN_QUOTED_INCLUDE_IN_FRAMEWORK_HEADER = YES;
				CLANG_WARN_RANGE_LOOP_ANALYSIS = YES;
				CLANG_WARN_STRICT_PROTOTYPES = YES;
				CLANG_WARN_SUSPICIOUS_MOVE = YES;
				CLANG_WARN_UNGUARDED_AVAILABILITY = YES_AGGRESSIVE;
				CLANG_WARN_UNREACHABLE_CODE = YES;
				CLANG_WARN__DUPLICATE_METHOD_MATCH = YES;
				COPY_PHASE_STRIP = NO;
				DEBUG_INFORMATION_FORMAT = "dwarf-with-dsym";
				ENABLE_NS_ASSERTIONS = NO;
				ENABLE_STRICT_OBJC_MSGSEND = YES;
				GCC_C_LANGUAGE_STANDARD = gnu11;
				GCC_NO_COMMON_BLOCKS = YES;
				GCC_WARN_64_TO_32_BIT_CONVERSION = YES;
				GCC_WARN_ABOUT_RETURN_TYPE = YES_ERROR;
				GCC_WARN_UNDECLARED_SELECTOR = YES;
				GCC_WARN_UNINITIALIZED_AUTOS = YES_AGGRESSIVE;
				GCC_WARN_UNUSED_FUNCTION = YES;
				GCC_WARN_UNUSED_VARIABLE = YES;
				IPHONEOS_DEPLOYMENT_TARGET = 15.4;
				MTL_ENABLE_DEBUG_INFO = NO;
				MTL_FAST_MATH = YES;
				SDKROOT = iphoneos;
				SWIFT_COMPILATION_MODE = wholemodule;
				SWIFT_OPTIMIZATION_LEVEL = "-O";
				VALIDATE_PRODUCT = YES;
			};
			name = Release;
		};
		C5A4C16E2864DB7700F6CDAF /* Debug */ = {
			isa = XCBuildConfiguration;
			buildSettings = {
				ASSETCATALOG_COMPILER_APPICON_NAME = AppIcon;
				ASSETCATALOG_COMPILER_GLOBAL_ACCENT_COLOR_NAME = AccentColor;
				CODE_SIGN_STYLE = Automatic;
				CURRENT_PROJECT_VERSION = 1;
				DEVELOPMENT_TEAM = RDRMVW96A6;
				GENERATE_INFOPLIST_FILE = YES;
				INFOPLIST_FILE = Pokedex/Info.plist;
				INFOPLIST_KEY_UIApplicationSupportsIndirectInputEvents = YES;
				INFOPLIST_KEY_UILaunchStoryboardName = LaunchScreen;
				INFOPLIST_KEY_UIMainStoryboardFile = Main;
				INFOPLIST_KEY_UISupportedInterfaceOrientations = UIInterfaceOrientationPortrait;
				INFOPLIST_KEY_UISupportedInterfaceOrientations_iPad = "UIInterfaceOrientationPortrait UIInterfaceOrientationPortraitUpsideDown UIInterfaceOrientationLandscapeLeft UIInterfaceOrientationLandscapeRight";
				INFOPLIST_KEY_UISupportedInterfaceOrientations_iPhone = "UIInterfaceOrientationPortrait UIInterfaceOrientationLandscapeLeft UIInterfaceOrientationLandscapeRight";
				LD_RUNPATH_SEARCH_PATHS = (
					"$(inherited)",
					"@executable_path/Frameworks",
				);
				MARKETING_VERSION = 1.0;
				PRODUCT_BUNDLE_IDENTIFIER = com.techTonics.Pokedex;
				PRODUCT_NAME = "$(TARGET_NAME)";
				SWIFT_EMIT_LOC_STRINGS = YES;
				SWIFT_VERSION = 5.0;
				TARGETED_DEVICE_FAMILY = 1;
			};
			name = Debug;
		};
		C5A4C16F2864DB7700F6CDAF /* Release */ = {
			isa = XCBuildConfiguration;
			buildSettings = {
				ASSETCATALOG_COMPILER_APPICON_NAME = AppIcon;
				ASSETCATALOG_COMPILER_GLOBAL_ACCENT_COLOR_NAME = AccentColor;
				CODE_SIGN_STYLE = Automatic;
				CURRENT_PROJECT_VERSION = 1;
				DEVELOPMENT_TEAM = RDRMVW96A6;
				GENERATE_INFOPLIST_FILE = YES;
				INFOPLIST_FILE = Pokedex/Info.plist;
				INFOPLIST_KEY_UIApplicationSupportsIndirectInputEvents = YES;
				INFOPLIST_KEY_UILaunchStoryboardName = LaunchScreen;
				INFOPLIST_KEY_UIMainStoryboardFile = Main;
				INFOPLIST_KEY_UISupportedInterfaceOrientations = UIInterfaceOrientationPortrait;
				INFOPLIST_KEY_UISupportedInterfaceOrientations_iPad = "UIInterfaceOrientationPortrait UIInterfaceOrientationPortraitUpsideDown UIInterfaceOrientationLandscapeLeft UIInterfaceOrientationLandscapeRight";
				INFOPLIST_KEY_UISupportedInterfaceOrientations_iPhone = "UIInterfaceOrientationPortrait UIInterfaceOrientationLandscapeLeft UIInterfaceOrientationLandscapeRight";
				LD_RUNPATH_SEARCH_PATHS = (
					"$(inherited)",
					"@executable_path/Frameworks",
				);
				MARKETING_VERSION = 1.0;
				PRODUCT_BUNDLE_IDENTIFIER = com.techTonics.Pokedex;
				PRODUCT_NAME = "$(TARGET_NAME)";
				SWIFT_EMIT_LOC_STRINGS = YES;
				SWIFT_VERSION = 5.0;
				TARGETED_DEVICE_FAMILY = 1;
			};
			name = Release;
		};
		C5A4C1712864DB7700F6CDAF /* Debug */ = {
			isa = XCBuildConfiguration;
			buildSettings = {
				ALWAYS_EMBED_SWIFT_STANDARD_LIBRARIES = YES;
				BUNDLE_LOADER = "$(TEST_HOST)";
				CODE_SIGN_STYLE = Automatic;
				CURRENT_PROJECT_VERSION = 1;
				DEVELOPMENT_TEAM = RDRMVW96A6;
				GENERATE_INFOPLIST_FILE = YES;
				IPHONEOS_DEPLOYMENT_TARGET = 15.4;
				MARKETING_VERSION = 1.0;
				PRODUCT_BUNDLE_IDENTIFIER = com.techTonics.PokedexTests;
				PRODUCT_NAME = "$(TARGET_NAME)";
				SWIFT_EMIT_LOC_STRINGS = NO;
				SWIFT_VERSION = 5.0;
				TARGETED_DEVICE_FAMILY = "1,2";
				TEST_HOST = "$(BUILT_PRODUCTS_DIR)/Pokedex.app/Pokedex";
			};
			name = Debug;
		};
		C5A4C1722864DB7700F6CDAF /* Release */ = {
			isa = XCBuildConfiguration;
			buildSettings = {
				ALWAYS_EMBED_SWIFT_STANDARD_LIBRARIES = YES;
				BUNDLE_LOADER = "$(TEST_HOST)";
				CODE_SIGN_STYLE = Automatic;
				CURRENT_PROJECT_VERSION = 1;
				DEVELOPMENT_TEAM = RDRMVW96A6;
				GENERATE_INFOPLIST_FILE = YES;
				IPHONEOS_DEPLOYMENT_TARGET = 15.4;
				MARKETING_VERSION = 1.0;
				PRODUCT_BUNDLE_IDENTIFIER = com.techTonics.PokedexTests;
				PRODUCT_NAME = "$(TARGET_NAME)";
				SWIFT_EMIT_LOC_STRINGS = NO;
				SWIFT_VERSION = 5.0;
				TARGETED_DEVICE_FAMILY = "1,2";
				TEST_HOST = "$(BUILT_PRODUCTS_DIR)/Pokedex.app/Pokedex";
			};
			name = Release;
		};
		C5A4C1742864DB7700F6CDAF /* Debug */ = {
			isa = XCBuildConfiguration;
			buildSettings = {
				ALWAYS_EMBED_SWIFT_STANDARD_LIBRARIES = YES;
				CODE_SIGN_STYLE = Automatic;
				CURRENT_PROJECT_VERSION = 1;
				DEVELOPMENT_TEAM = RDRMVW96A6;
				GENERATE_INFOPLIST_FILE = YES;
				MARKETING_VERSION = 1.0;
				PRODUCT_BUNDLE_IDENTIFIER = com.techTonics.PokedexUITests;
				PRODUCT_NAME = "$(TARGET_NAME)";
				SWIFT_EMIT_LOC_STRINGS = NO;
				SWIFT_VERSION = 5.0;
				TARGETED_DEVICE_FAMILY = "1,2";
				TEST_TARGET_NAME = Pokedex;
			};
			name = Debug;
		};
		C5A4C1752864DB7700F6CDAF /* Release */ = {
			isa = XCBuildConfiguration;
			buildSettings = {
				ALWAYS_EMBED_SWIFT_STANDARD_LIBRARIES = YES;
				CODE_SIGN_STYLE = Automatic;
				CURRENT_PROJECT_VERSION = 1;
				DEVELOPMENT_TEAM = RDRMVW96A6;
				GENERATE_INFOPLIST_FILE = YES;
				MARKETING_VERSION = 1.0;
				PRODUCT_BUNDLE_IDENTIFIER = com.techTonics.PokedexUITests;
				PRODUCT_NAME = "$(TARGET_NAME)";
				SWIFT_EMIT_LOC_STRINGS = NO;
				SWIFT_VERSION = 5.0;
				TARGETED_DEVICE_FAMILY = "1,2";
				TEST_TARGET_NAME = Pokedex;
			};
			name = Release;
		};
/* End XCBuildConfiguration section */

/* Begin XCConfigurationList section */
		C5A4C13E2864DB7100F6CDAF /* Build configuration list for PBXProject "Pokedex" */ = {
			isa = XCConfigurationList;
			buildConfigurations = (
				C5A4C16B2864DB7700F6CDAF /* Debug */,
				C5A4C16C2864DB7700F6CDAF /* Release */,
			);
			defaultConfigurationIsVisible = 0;
			defaultConfigurationName = Release;
		};
		C5A4C16D2864DB7700F6CDAF /* Build configuration list for PBXNativeTarget "Pokedex" */ = {
			isa = XCConfigurationList;
			buildConfigurations = (
				C5A4C16E2864DB7700F6CDAF /* Debug */,
				C5A4C16F2864DB7700F6CDAF /* Release */,
			);
			defaultConfigurationIsVisible = 0;
			defaultConfigurationName = Release;
		};
		C5A4C1702864DB7700F6CDAF /* Build configuration list for PBXNativeTarget "PokedexTests" */ = {
			isa = XCConfigurationList;
			buildConfigurations = (
				C5A4C1712864DB7700F6CDAF /* Debug */,
				C5A4C1722864DB7700F6CDAF /* Release */,
			);
			defaultConfigurationIsVisible = 0;
			defaultConfigurationName = Release;
		};
		C5A4C1732864DB7700F6CDAF /* Build configuration list for PBXNativeTarget "PokedexUITests" */ = {
			isa = XCConfigurationList;
			buildConfigurations = (
				C5A4C1742864DB7700F6CDAF /* Debug */,
				C5A4C1752864DB7700F6CDAF /* Release */,
			);
			defaultConfigurationIsVisible = 0;
			defaultConfigurationName = Release;
		};
/* End XCConfigurationList section */

/* Begin XCRemoteSwiftPackageReference section */
		C5A4C1832864EA2200F6CDAF /* XCRemoteSwiftPackageReference "Alamofire" */ = {
			isa = XCRemoteSwiftPackageReference;
			repositoryURL = "https://github.com/Alamofire/Alamofire.git";
			requirement = {
				kind = upToNextMajorVersion;
				minimumVersion = 5.0.0;
			};
		};
		C5A4C19B28651DA300F6CDAF /* XCRemoteSwiftPackageReference "SDWebImage" */ = {
			isa = XCRemoteSwiftPackageReference;
			repositoryURL = "https://github.com/SDWebImage/SDWebImage.git";
			requirement = {
				kind = upToNextMajorVersion;
				minimumVersion = 5.0.0;
			};
		};
/* End XCRemoteSwiftPackageReference section */

/* Begin XCSwiftPackageProductDependency section */
		C5A4C1842864EA2200F6CDAF /* Alamofire */ = {
			isa = XCSwiftPackageProductDependency;
			package = C5A4C1832864EA2200F6CDAF /* XCRemoteSwiftPackageReference "Alamofire" */;
			productName = Alamofire;
		};
		C5A4C19C28651DA300F6CDAF /* SDWebImage */ = {
			isa = XCSwiftPackageProductDependency;
			package = C5A4C19B28651DA300F6CDAF /* XCRemoteSwiftPackageReference "SDWebImage" */;
			productName = SDWebImage;
		};
/* End XCSwiftPackageProductDependency section */
	};
	rootObject = C5A4C13B2864DB7100F6CDAF /* Project object */;
}
